// !$*UTF8*$!
{
	archiveVersion = 1;
	classes = {
	};
	objectVersion = 56;
	objects = {

/* Begin PBXBuildFile section */
		B98C7E08292BA323005D70F1 /* AppDelegate.swift in Sources */ = {isa = PBXBuildFile; fileRef = B98C7E07292BA323005D70F1 /* AppDelegate.swift */; };
		B98C7E0A292BA323005D70F1 /* SceneDelegate.swift in Sources */ = {isa = PBXBuildFile; fileRef = B98C7E09292BA323005D70F1 /* SceneDelegate.swift */; };
		B98C7E0C292BA323005D70F1 /* ViewController.swift in Sources */ = {isa = PBXBuildFile; fileRef = B98C7E0B292BA323005D70F1 /* ViewController.swift */; };
		B98C7E11292BA324005D70F1 /* Assets.xcassets in Resources */ = {isa = PBXBuildFile; fileRef = B98C7E10292BA324005D70F1 /* Assets.xcassets */; };
		B98C7E14292BA324005D70F1 /* LaunchScreen.storyboard in Resources */ = {isa = PBXBuildFile; fileRef = B98C7E12292BA324005D70F1 /* LaunchScreen.storyboard */; };
		B98C7E21292BA7FE005D70F1 /* ViewCard.swift in Sources */ = {isa = PBXBuildFile; fileRef = B98C7E20292BA7FE005D70F1 /* ViewCard.swift */; };
		B98C7E24292BA819005D70F1 /* Utils.swift in Sources */ = {isa = PBXBuildFile; fileRef = B98C7E23292BA819005D70F1 /* Utils.swift */; };
		B98C7E27292BB9F7005D70F1 /* ViewCoding.swift in Sources */ = {isa = PBXBuildFile; fileRef = B98C7E26292BB9F7005D70F1 /* ViewCoding.swift */; };
		B98C7E29292BF30F005D70F1 /* CardModel.swift in Sources */ = {isa = PBXBuildFile; fileRef = B98C7E28292BF30F005D70F1 /* CardModel.swift */; };
		B98C7E2D292E4ACB005D70F1 /* MainCardView.swift in Sources */ = {isa = PBXBuildFile; fileRef = B98C7E2C292E4ACB005D70F1 /* MainCardView.swift */; };
/* End PBXBuildFile section */

/* Begin PBXFileReference section */
		B98C7E04292BA323005D70F1 /* POCViewCard.app */ = {isa = PBXFileReference; explicitFileType = wrapper.application; includeInIndex = 0; path = POCViewCard.app; sourceTree = BUILT_PRODUCTS_DIR; };
		B98C7E07292BA323005D70F1 /* AppDelegate.swift */ = {isa = PBXFileReference; lastKnownFileType = sourcecode.swift; path = AppDelegate.swift; sourceTree = "<group>"; };
		B98C7E09292BA323005D70F1 /* SceneDelegate.swift */ = {isa = PBXFileReference; lastKnownFileType = sourcecode.swift; path = SceneDelegate.swift; sourceTree = "<group>"; };
		B98C7E0B292BA323005D70F1 /* ViewController.swift */ = {isa = PBXFileReference; lastKnownFileType = sourcecode.swift; path = ViewController.swift; sourceTree = "<group>"; };
		B98C7E10292BA324005D70F1 /* Assets.xcassets */ = {isa = PBXFileReference; lastKnownFileType = folder.assetcatalog; path = Assets.xcassets; sourceTree = "<group>"; };
		B98C7E13292BA324005D70F1 /* Base */ = {isa = PBXFileReference; lastKnownFileType = file.storyboard; name = Base; path = Base.lproj/LaunchScreen.storyboard; sourceTree = "<group>"; };
		B98C7E15292BA324005D70F1 /* Info.plist */ = {isa = PBXFileReference; lastKnownFileType = text.plist.xml; path = Info.plist; sourceTree = "<group>"; };
		B98C7E20292BA7FE005D70F1 /* ViewCard.swift */ = {isa = PBXFileReference; lastKnownFileType = sourcecode.swift; path = ViewCard.swift; sourceTree = "<group>"; };
		B98C7E23292BA819005D70F1 /* Utils.swift */ = {isa = PBXFileReference; lastKnownFileType = sourcecode.swift; path = Utils.swift; sourceTree = "<group>"; };
		B98C7E26292BB9F7005D70F1 /* ViewCoding.swift */ = {isa = PBXFileReference; lastKnownFileType = sourcecode.swift; path = ViewCoding.swift; sourceTree = "<group>"; };
		B98C7E28292BF30F005D70F1 /* CardModel.swift */ = {isa = PBXFileReference; lastKnownFileType = sourcecode.swift; path = CardModel.swift; sourceTree = "<group>"; };
		B98C7E2C292E4ACB005D70F1 /* MainCardView.swift */ = {isa = PBXFileReference; lastKnownFileType = sourcecode.swift; path = MainCardView.swift; sourceTree = "<group>"; };
/* End PBXFileReference section */

/* Begin PBXFrameworksBuildPhase section */
		B98C7E01292BA323005D70F1 /* Frameworks */ = {
			isa = PBXFrameworksBuildPhase;
			buildActionMask = 2147483647;
			files = (
			);
			runOnlyForDeploymentPostprocessing = 0;
		};
/* End PBXFrameworksBuildPhase section */

/* Begin PBXGroup section */
		B98C7DFB292BA323005D70F1 = {
			isa = PBXGroup;
			children = (
				B98C7E06292BA323005D70F1 /* POCViewCard */,
				B98C7E05292BA323005D70F1 /* Products */,
			);
			sourceTree = "<group>";
		};
		B98C7E05292BA323005D70F1 /* Products */ = {
			isa = PBXGroup;
			children = (
				B98C7E04292BA323005D70F1 /* POCViewCard.app */,
			);
			name = Products;
			sourceTree = "<group>";
		};
		B98C7E06292BA323005D70F1 /* POCViewCard */ = {
			isa = PBXGroup;
			children = (
				B98C7E25292BB9EA005D70F1 /* Protocol */,
				B98C7E22292BA80B005D70F1 /* Utils */,
				B98C7E1F292BA7E3005D70F1 /* Configuration */,
				B98C7E1E292BA7CF005D70F1 /* Model */,
				B98C7E1D292BA7C6005D70F1 /* ViewController */,
				B98C7E1C292BA7BF005D70F1 /* View */,
				B98C7E10292BA324005D70F1 /* Assets.xcassets */,
				B98C7E12292BA324005D70F1 /* LaunchScreen.storyboard */,
				B98C7E15292BA324005D70F1 /* Info.plist */,
			);
			path = POCViewCard;
			sourceTree = "<group>";
		};
		B98C7E1C292BA7BF005D70F1 /* View */ = {
			isa = PBXGroup;
			children = (
				B98C7E20292BA7FE005D70F1 /* ViewCard.swift */,
				B98C7E2C292E4ACB005D70F1 /* MainCardView.swift */,
			);
			path = View;
			sourceTree = "<group>";
		};
		B98C7E1D292BA7C6005D70F1 /* ViewController */ = {
			isa = PBXGroup;
			children = (
				B98C7E0B292BA323005D70F1 /* ViewController.swift */,
			);
			path = ViewController;
			sourceTree = "<group>";
		};
		B98C7E1E292BA7CF005D70F1 /* Model */ = {
			isa = PBXGroup;
			children = (
				B98C7E28292BF30F005D70F1 /* CardModel.swift */,
			);
			path = Model;
			sourceTree = "<group>";
		};
		B98C7E1F292BA7E3005D70F1 /* Configuration */ = {
			isa = PBXGroup;
			children = (
				B98C7E07292BA323005D70F1 /* AppDelegate.swift */,
				B98C7E09292BA323005D70F1 /* SceneDelegate.swift */,
			);
			path = Configuration;
			sourceTree = "<group>";
		};
		B98C7E22292BA80B005D70F1 /* Utils */ = {
			isa = PBXGroup;
			children = (
				B98C7E23292BA819005D70F1 /* Utils.swift */,
			);
			path = Utils;
			sourceTree = "<group>";
		};
		B98C7E25292BB9EA005D70F1 /* Protocol */ = {
			isa = PBXGroup;
			children = (
				B98C7E26292BB9F7005D70F1 /* ViewCoding.swift */,
			);
			path = Protocol;
			sourceTree = "<group>";
		};
/* End PBXGroup section */

/* Begin PBXNativeTarget section */
		B98C7E03292BA323005D70F1 /* POCViewCard */ = {
			isa = PBXNativeTarget;
			buildConfigurationList = B98C7E18292BA324005D70F1 /* Build configuration list for PBXNativeTarget "POCViewCard" */;
			buildPhases = (
				B98C7E00292BA323005D70F1 /* Sources */,
				B98C7E01292BA323005D70F1 /* Frameworks */,
				B98C7E02292BA323005D70F1 /* Resources */,
				B98C7E1B292BA6BE005D70F1 /* ShellScript */,
			);
			buildRules = (
			);
			dependencies = (
			);
			name = POCViewCard;
			productName = POCViewCard;
			productReference = B98C7E04292BA323005D70F1 /* POCViewCard.app */;
			productType = "com.apple.product-type.application";
		};
/* End PBXNativeTarget section */

/* Begin PBXProject section */
		B98C7DFC292BA323005D70F1 /* Project object */ = {
			isa = PBXProject;
			attributes = {
				BuildIndependentTargetsInParallel = 1;
				LastSwiftUpdateCheck = 1400;
				LastUpgradeCheck = 1400;
				TargetAttributes = {
					B98C7E03292BA323005D70F1 = {
						CreatedOnToolsVersion = 14.0;
					};
				};
			};
			buildConfigurationList = B98C7DFF292BA323005D70F1 /* Build configuration list for PBXProject "POCViewCard" */;
			compatibilityVersion = "Xcode 14.0";
			developmentRegion = en;
			hasScannedForEncodings = 0;
			knownRegions = (
				en,
				Base,
			);
			mainGroup = B98C7DFB292BA323005D70F1;
			productRefGroup = B98C7E05292BA323005D70F1 /* Products */;
			projectDirPath = "";
			projectRoot = "";
			targets = (
				B98C7E03292BA323005D70F1 /* POCViewCard */,
			);
		};
/* End PBXProject section */

/* Begin PBXResourcesBuildPhase section */
		B98C7E02292BA323005D70F1 /* Resources */ = {
			isa = PBXResourcesBuildPhase;
			buildActionMask = 2147483647;
			files = (
				B98C7E14292BA324005D70F1 /* LaunchScreen.storyboard in Resources */,
				B98C7E11292BA324005D70F1 /* Assets.xcassets in Resources */,
			);
			runOnlyForDeploymentPostprocessing = 0;
		};
/* End PBXResourcesBuildPhase section */

/* Begin PBXShellScriptBuildPhase section */
		B98C7E1B292BA6BE005D70F1 /* ShellScript */ = {
			isa = PBXShellScriptBuildPhase;
			alwaysOutOfDate = 1;
			buildActionMask = 2147483647;
			files = (
			);
			inputFileListPaths = (
			);
			inputPaths = (
			);
			outputFileListPaths = (
			);
			outputPaths = (
			);
			runOnlyForDeploymentPostprocessing = 0;
			shellPath = /bin/sh;
			shellScript = "# Type a script or drag a script file from your workspace to insert its path.\nexport PATH=\"$PATH:/opt/homebrew/bin\"\nif which swiftlint > /dev/null; then\n  swiftlint\nelse\n  echo \"warning: SwiftLint not installed, download from https://github.com/realm/SwiftLint\"\nfi\n";
		};
/* End PBXShellScriptBuildPhase section */

/* Begin PBXSourcesBuildPhase section */
		B98C7E00292BA323005D70F1 /* Sources */ = {
			isa = PBXSourcesBuildPhase;
			buildActionMask = 2147483647;
			files = (
				B98C7E24292BA819005D70F1 /* Utils.swift in Sources */,
				B98C7E0C292BA323005D70F1 /* ViewController.swift in Sources */,
				B98C7E08292BA323005D70F1 /* AppDelegate.swift in Sources */,
				B98C7E29292BF30F005D70F1 /* CardModel.swift in Sources */,
				B98C7E21292BA7FE005D70F1 /* ViewCard.swift in Sources */,
				B98C7E27292BB9F7005D70F1 /* ViewCoding.swift in Sources */,
				B98C7E0A292BA323005D70F1 /* SceneDelegate.swift in Sources */,
				B98C7E2D292E4ACB005D70F1 /* MainCardView.swift in Sources */,
			);
			runOnlyForDeploymentPostprocessing = 0;
		};
/* End PBXSourcesBuildPhase section */

/* Begin PBXVariantGroup section */
		B98C7E12292BA324005D70F1 /* LaunchScreen.storyboard */ = {
			isa = PBXVariantGroup;
			children = (
				B98C7E13292BA324005D70F1 /* Base */,
			);
			name = LaunchScreen.storyboard;
			sourceTree = "<group>";
		};
/* End PBXVariantGroup section */

/* Begin XCBuildConfiguration section */
		B98C7E16292BA324005D70F1 /* Debug */ = {
			isa = XCBuildConfiguration;
			buildSettings = {
				ALWAYS_SEARCH_USER_PATHS = NO;
				CLANG_ANALYZER_NONNULL = YES;
				CLANG_ANALYZER_NUMBER_OBJECT_CONVERSION = YES_AGGRESSIVE;
				CLANG_CXX_LANGUAGE_STANDARD = "gnu++20";
				CLANG_ENABLE_MODULES = YES;
				CLANG_ENABLE_OBJC_ARC = YES;
				CLANG_ENABLE_OBJC_WEAK = YES;
				CLANG_WARN_BLOCK_CAPTURE_AUTORELEASING = YES;
				CLANG_WARN_BOOL_CONVERSION = YES;
				CLANG_WARN_COMMA = YES;
				CLANG_WARN_CONSTANT_CONVERSION = YES;
				CLANG_WARN_DEPRECATED_OBJC_IMPLEMENTATIONS = YES;
				CLANG_WARN_DIRECT_OBJC_ISA_USAGE = YES_ERROR;
				CLANG_WARN_DOCUMENTATION_COMMENTS = YES;
				CLANG_WARN_EMPTY_BODY = YES;
				CLANG_WARN_ENUM_CONVERSION = YES;
				CLANG_WARN_INFINITE_RECURSION = YES;
				CLANG_WARN_INT_CONVERSION = YES;
				CLANG_WARN_NON_LITERAL_NULL_CONVERSION = YES;
				CLANG_WARN_OBJC_IMPLICIT_RETAIN_SELF = YES;
				CLANG_WARN_OBJC_LITERAL_CONVERSION = YES;
				CLANG_WARN_OBJC_ROOT_CLASS = YES_ERROR;
				CLANG_WARN_QUOTED_INCLUDE_IN_FRAMEWORK_HEADER = YES;
				CLANG_WARN_RANGE_LOOP_ANALYSIS = YES;
				CLANG_WARN_STRICT_PROTOTYPES = YES;
				CLANG_WARN_SUSPICIOUS_MOVE = YES;
				CLANG_WARN_UNGUARDED_AVAILABILITY = YES_AGGRESSIVE;
				CLANG_WARN_UNREACHABLE_CODE = YES;
				CLANG_WARN__DUPLICATE_METHOD_MATCH = YES;
				COPY_PHASE_STRIP = NO;
				DEBUG_INFORMATION_FORMAT = dwarf;
				ENABLE_STRICT_OBJC_MSGSEND = YES;
				ENABLE_TESTABILITY = YES;
				GCC_C_LANGUAGE_STANDARD = gnu11;
				GCC_DYNAMIC_NO_PIC = NO;
				GCC_NO_COMMON_BLOCKS = YES;
				GCC_OPTIMIZATION_LEVEL = 0;
				GCC_PREPROCESSOR_DEFINITIONS = (
					"DEBUG=1",
					"$(inherited)",
				);
				GCC_WARN_64_TO_32_BIT_CONVERSION = YES;
				GCC_WARN_ABOUT_RETURN_TYPE = YES_ERROR;
				GCC_WARN_UNDECLARED_SELECTOR = YES;
				GCC_WARN_UNINITIALIZED_AUTOS = YES_AGGRESSIVE;
				GCC_WARN_UNUSED_FUNCTION = YES;
				GCC_WARN_UNUSED_VARIABLE = YES;
				IPHONEOS_DEPLOYMENT_TARGET = 16.0;
				MTL_ENABLE_DEBUG_INFO = INCLUDE_SOURCE;
				MTL_FAST_MATH = YES;
				ONLY_ACTIVE_ARCH = YES;
				SDKROOT = iphoneos;
				SWIFT_ACTIVE_COMPILATION_CONDITIONS = DEBUG;
				SWIFT_OPTIMIZATION_LEVEL = "-Onone";
			};
			name = Debug;
		};
		B98C7E17292BA324005D70F1 /* Release */ = {
			isa = XCBuildConfiguration;
			buildSettings = {
				ALWAYS_SEARCH_USER_PATHS = NO;
				CLANG_ANALYZER_NONNULL = YES;
				CLANG_ANALYZER_NUMBER_OBJECT_CONVERSION = YES_AGGRESSIVE;
				CLANG_CXX_LANGUAGE_STANDARD = "gnu++20";
				CLANG_ENABLE_MODULES = YES;
				CLANG_ENABLE_OBJC_ARC = YES;
				CLANG_ENABLE_OBJC_WEAK = YES;
				CLANG_WARN_BLOCK_CAPTURE_AUTORELEASING = YES;
				CLANG_WARN_BOOL_CONVERSION = YES;
				CLANG_WARN_COMMA = YES;
				CLANG_WARN_CONSTANT_CONVERSION = YES;
				CLANG_WARN_DEPRECATED_OBJC_IMPLEMENTATIONS = YES;
				CLANG_WARN_DIRECT_OBJC_ISA_USAGE = YES_ERROR;
				CLANG_WARN_DOCUMENTATION_COMMENTS = YES;
				CLANG_WARN_EMPTY_BODY = YES;
				CLANG_WARN_ENUM_CONVERSION = YES;
				CLANG_WARN_INFINITE_RECURSION = YES;
				CLANG_WARN_INT_CONVERSION = YES;
				CLANG_WARN_NON_LITERAL_NULL_CONVERSION = YES;
				CLANG_WARN_OBJC_IMPLICIT_RETAIN_SELF = YES;
				CLANG_WARN_OBJC_LITERAL_CONVERSION = YES;
				CLANG_WARN_OBJC_ROOT_CLASS = YES_ERROR;
				CLANG_WARN_QUOTED_INCLUDE_IN_FRAMEWORK_HEADER = YES;
				CLANG_WARN_RANGE_LOOP_ANALYSIS = YES;
				CLANG_WARN_STRICT_PROTOTYPES = YES;
				CLANG_WARN_SUSPICIOUS_MOVE = YES;
				CLANG_WARN_UNGUARDED_AVAILABILITY = YES_AGGRESSIVE;
				CLANG_WARN_UNREACHABLE_CODE = YES;
				CLANG_WARN__DUPLICATE_METHOD_MATCH = YES;
				COPY_PHASE_STRIP = NO;
				DEBUG_INFORMATION_FORMAT = "dwarf-with-dsym";
				ENABLE_NS_ASSERTIONS = NO;
				ENABLE_STRICT_OBJC_MSGSEND = YES;
				GCC_C_LANGUAGE_STANDARD = gnu11;
				GCC_NO_COMMON_BLOCKS = YES;
				GCC_WARN_64_TO_32_BIT_CONVERSION = YES;
				GCC_WARN_ABOUT_RETURN_TYPE = YES_ERROR;
				GCC_WARN_UNDECLARED_SELECTOR = YES;
				GCC_WARN_UNINITIALIZED_AUTOS = YES_AGGRESSIVE;
				GCC_WARN_UNUSED_FUNCTION = YES;
				GCC_WARN_UNUSED_VARIABLE = YES;
				IPHONEOS_DEPLOYMENT_TARGET = 16.0;
				MTL_ENABLE_DEBUG_INFO = NO;
				MTL_FAST_MATH = YES;
				SDKROOT = iphoneos;
				SWIFT_COMPILATION_MODE = wholemodule;
				SWIFT_OPTIMIZATION_LEVEL = "-O";
				VALIDATE_PRODUCT = YES;
			};
			name = Release;
		};
		B98C7E19292BA324005D70F1 /* Debug */ = {
			isa = XCBuildConfiguration;
			buildSettings = {
				ASSETCATALOG_COMPILER_APPICON_NAME = AppIcon;
				ASSETCATALOG_COMPILER_GLOBAL_ACCENT_COLOR_NAME = AccentColor;
				CODE_SIGN_STYLE = Automatic;
				CURRENT_PROJECT_VERSION = 1;
				DEVELOPMENT_TEAM = 949BRFMFQG;
				GENERATE_INFOPLIST_FILE = YES;
				INFOPLIST_FILE = POCViewCard/Info.plist;
				INFOPLIST_KEY_UIApplicationSupportsIndirectInputEvents = YES;
				INFOPLIST_KEY_UILaunchStoryboardName = LaunchScreen;
				INFOPLIST_KEY_UISupportedInterfaceOrientations_iPad = "UIInterfaceOrientationPortrait UIInterfaceOrientationPortraitUpsideDown UIInterfaceOrientationLandscapeLeft UIInterfaceOrientationLandscapeRight";
				INFOPLIST_KEY_UISupportedInterfaceOrientations_iPhone = "UIInterfaceOrientationPortrait UIInterfaceOrientationLandscapeLeft UIInterfaceOrientationLandscapeRight";
				LD_RUNPATH_SEARCH_PATHS = (
					"$(inherited)",
					"@executable_path/Frameworks",
				);
				MARKETING_VERSION = 1.0;
				PRODUCT_BUNDLE_IDENTIFIER = com.ifce.academy.POCViewCard;
				PRODUCT_NAME = "$(TARGET_NAME)";
				SUPPORTED_PLATFORMS = "iphoneos iphonesimulator";
				SUPPORTS_MACCATALYST = NO;
				SUPPORTS_MAC_DESIGNED_FOR_IPHONE_IPAD = NO;
				SWIFT_EMIT_LOC_STRINGS = YES;
				SWIFT_VERSION = 5.0;
				TARGETED_DEVICE_FAMILY = 1;
			};
			name = Debug;
		};
		B98C7E1A292BA324005D70F1 /* Release */ = {
			isa = XCBuildConfiguration;
			buildSettings = {
				ASSETCATALOG_COMPILER_APPICON_NAME = AppIcon;
				ASSETCATALOG_COMPILER_GLOBAL_ACCENT_COLOR_NAME = AccentColor;
				CODE_SIGN_STYLE = Automatic;
				CURRENT_PROJECT_VERSION = 1;
				DEVELOPMENT_TEAM = 949BRFMFQG;
				GENERATE_INFOPLIST_FILE = YES;
				INFOPLIST_FILE = POCViewCard/Info.plist;
				INFOPLIST_KEY_UIApplicationSupportsIndirectInputEvents = YES;
				INFOPLIST_KEY_UILaunchStoryboardName = LaunchScreen;
				INFOPLIST_KEY_UISupportedInterfaceOrientations_iPad = "UIInterfaceOrientationPortrait UIInterfaceOrientationPortraitUpsideDown UIInterfaceOrientationLandscapeLeft UIInterfaceOrientationLandscapeRight";
				INFOPLIST_KEY_UISupportedInterfaceOrientations_iPhone = "UIInterfaceOrientationPortrait UIInterfaceOrientationLandscapeLeft UIInterfaceOrientationLandscapeRight";
				LD_RUNPATH_SEARCH_PATHS = (
					"$(inherited)",
					"@executable_path/Frameworks",
				);
				MARKETING_VERSION = 1.0;
				PRODUCT_BUNDLE_IDENTIFIER = com.ifce.academy.POCViewCard;
				PRODUCT_NAME = "$(TARGET_NAME)";
				SUPPORTED_PLATFORMS = "iphoneos iphonesimulator";
				SUPPORTS_MACCATALYST = NO;
				SUPPORTS_MAC_DESIGNED_FOR_IPHONE_IPAD = NO;
				SWIFT_EMIT_LOC_STRINGS = YES;
				SWIFT_VERSION = 5.0;
				TARGETED_DEVICE_FAMILY = 1;
			};
			name = Release;
		};
/* End XCBuildConfiguration section */

/* Begin XCConfigurationList section */
		B98C7DFF292BA323005D70F1 /* Build configuration list for PBXProject "POCViewCard" */ = {
			isa = XCConfigurationList;
			buildConfigurations = (
				B98C7E16292BA324005D70F1 /* Debug */,
				B98C7E17292BA324005D70F1 /* Release */,
			);
			defaultConfigurationIsVisible = 0;
			defaultConfigurationName = Release;
		};
		B98C7E18292BA324005D70F1 /* Build configuration list for PBXNativeTarget "POCViewCard" */ = {
			isa = XCConfigurationList;
			buildConfigurations = (
				B98C7E19292BA324005D70F1 /* Debug */,
				B98C7E1A292BA324005D70F1 /* Release */,
			);
			defaultConfigurationIsVisible = 0;
			defaultConfigurationName = Release;
		};
/* End XCConfigurationList section */
	};
	rootObject = B98C7DFC292BA323005D70F1 /* Project object */;
}
